// !$*UTF8*$!
{
	archiveVersion = 1;
	classes = {
	};
	objectVersion = 46;
	objects = {

/* Begin PBXBuildFile section */
		5789EB621A10976600E6B3B0 /* Images in Resources */ = {isa = PBXBuildFile; fileRef = 5789EB611A10976600E6B3B0 /* Images */; };
		57A9278B1A09ECFB00B7FF3B /* AppDelegate.swift in Sources */ = {isa = PBXBuildFile; fileRef = 57A9278A1A09ECFB00B7FF3B /* AppDelegate.swift */; };
		57A9278D1A09ECFB00B7FF3B /* ViewController.swift in Sources */ = {isa = PBXBuildFile; fileRef = 57A9278C1A09ECFB00B7FF3B /* ViewController.swift */; };
		57A927901A09ECFB00B7FF3B /* Main.storyboard in Resources */ = {isa = PBXBuildFile; fileRef = 57A9278E1A09ECFB00B7FF3B /* Main.storyboard */; };
		57A927921A09ECFB00B7FF3B /* Images.xcassets in Resources */ = {isa = PBXBuildFile; fileRef = 57A927911A09ECFB00B7FF3B /* Images.xcassets */; };
		57A927951A09ECFB00B7FF3B /* LaunchScreen.xib in Resources */ = {isa = PBXBuildFile; fileRef = 57A927931A09ECFB00B7FF3B /* LaunchScreen.xib */; };
/* End PBXBuildFile section */

/* Begin PBXFileReference section */
		5789EB611A10976600E6B3B0 /* Images */ = {isa = PBXFileReference; lastKnownFileType = folder; name = Images; path = AppResources/Images; sourceTree = "<group>"; };
		57A927851A09ECFB00B7FF3B /* Asset Test.app */ = {isa = PBXFileReference; explicitFileType = wrapper.application; includeInIndex = 0; path = "Asset Test.app"; sourceTree = BUILT_PRODUCTS_DIR; };
		57A927891A09ECFB00B7FF3B /* Info.plist */ = {isa = PBXFileReference; lastKnownFileType = text.plist.xml; path = Info.plist; sourceTree = "<group>"; };
		57A9278A1A09ECFB00B7FF3B /* AppDelegate.swift */ = {isa = PBXFileReference; lastKnownFileType = sourcecode.swift; path = AppDelegate.swift; sourceTree = "<group>"; };
		57A9278C1A09ECFB00B7FF3B /* ViewController.swift */ = {isa = PBXFileReference; lastKnownFileType = sourcecode.swift; path = ViewController.swift; sourceTree = "<group>"; };
		57A9278F1A09ECFB00B7FF3B /* Base */ = {isa = PBXFileReference; lastKnownFileType = file.storyboard; name = Base; path = Base.lproj/Main.storyboard; sourceTree = "<group>"; };
		57A927911A09ECFB00B7FF3B /* Images.xcassets */ = {isa = PBXFileReference; lastKnownFileType = folder.assetcatalog; path = Images.xcassets; sourceTree = "<group>"; };
		57A927941A09ECFB00B7FF3B /* Base */ = {isa = PBXFileReference; lastKnownFileType = file.xib; name = Base; path = Base.lproj/LaunchScreen.xib; sourceTree = "<group>"; };
/* End PBXFileReference section */

/* Begin PBXFrameworksBuildPhase section */
		57A927821A09ECFB00B7FF3B /* Frameworks */ = {
			isa = PBXFrameworksBuildPhase;
			buildActionMask = 2147483647;
			files = (
			);
			runOnlyForDeploymentPostprocessing = 0;
		};
/* End PBXFrameworksBuildPhase section */

/* Begin PBXGroup section */
		57A9277C1A09ECFB00B7FF3B = {
			isa = PBXGroup;
			children = (
				57A927871A09ECFB00B7FF3B /* Asset Test */,
				57A927861A09ECFB00B7FF3B /* Products */,
				5789EB611A10976600E6B3B0 /* Images */,
			);
			sourceTree = "<group>";
		};
		57A927861A09ECFB00B7FF3B /* Products */ = {
			isa = PBXGroup;
			children = (
				57A927851A09ECFB00B7FF3B /* Asset Test.app */,
			);
			name = Products;
			sourceTree = "<group>";
		};
		57A927871A09ECFB00B7FF3B /* Asset Test */ = {
			isa = PBXGroup;
			children = (
				57A9278A1A09ECFB00B7FF3B /* AppDelegate.swift */,
				57A9278C1A09ECFB00B7FF3B /* ViewController.swift */,
				57A927911A09ECFB00B7FF3B /* Images.xcassets */,
				57A927931A09ECFB00B7FF3B /* LaunchScreen.xib */,
				57A9278E1A09ECFB00B7FF3B /* Main.storyboard */,
				57A927881A09ECFB00B7FF3B /* Supporting Files */,
			);
			path = "Asset Test";
			sourceTree = "<group>";
		};
		57A927881A09ECFB00B7FF3B /* Supporting Files */ = {
			isa = PBXGroup;
			children = (
				57A927891A09ECFB00B7FF3B /* Info.plist */,
			);
			name = "Supporting Files";
			sourceTree = "<group>";
		};
/* End PBXGroup section */

/* Begin PBXNativeTarget section */
		57A927841A09ECFB00B7FF3B /* Asset Test */ = {
			isa = PBXNativeTarget;
			buildConfigurationList = 57A927A41A09ECFB00B7FF3B /* Build configuration list for PBXNativeTarget "Asset Test" */;
			buildPhases = (
				57A927811A09ECFB00B7FF3B /* Sources */,
				57A927821A09ECFB00B7FF3B /* Frameworks */,
				57A927831A09ECFB00B7FF3B /* Resources */,
				57A927AA1A09EF7900B7FF3B /* Run Script */,
			);
			buildRules = (
			);
			dependencies = (
			);
			name = "Asset Test";
			productName = "Asset Test";
			productReference = 57A927851A09ECFB00B7FF3B /* Asset Test.app */;
			productType = "com.apple.product-type.application";
		};
/* End PBXNativeTarget section */

/* Begin PBXProject section */
		57A9277D1A09ECFB00B7FF3B /* Project object */ = {
			isa = PBXProject;
			attributes = {
				LastUpgradeCheck = 0610;
				ORGANIZATIONNAME = Glitchbot;
				TargetAttributes = {
					57A927841A09ECFB00B7FF3B = {
						CreatedOnToolsVersion = 6.1;
						DevelopmentTeam = 5H925Z7R67;
					};
				};
			};
			buildConfigurationList = 57A927801A09ECFB00B7FF3B /* Build configuration list for PBXProject "Asset Test" */;
			compatibilityVersion = "Xcode 3.2";
			developmentRegion = English;
			hasScannedForEncodings = 0;
			knownRegions = (
				en,
				Base,
			);
			mainGroup = 57A9277C1A09ECFB00B7FF3B;
			productRefGroup = 57A927861A09ECFB00B7FF3B /* Products */;
			projectDirPath = "";
			projectRoot = "";
			targets = (
				57A927841A09ECFB00B7FF3B /* Asset Test */,
			);
		};
/* End PBXProject section */

/* Begin PBXResourcesBuildPhase section */
		57A927831A09ECFB00B7FF3B /* Resources */ = {
			isa = PBXResourcesBuildPhase;
			buildActionMask = 2147483647;
			files = (
				5789EB621A10976600E6B3B0 /* Images in Resources */,
				57A927901A09ECFB00B7FF3B /* Main.storyboard in Resources */,
				57A927951A09ECFB00B7FF3B /* LaunchScreen.xib in Resources */,
				57A927921A09ECFB00B7FF3B /* Images.xcassets in Resources */,
			);
			runOnlyForDeploymentPostprocessing = 0;
		};
/* End PBXResourcesBuildPhase section */

/* Begin PBXShellScriptBuildPhase section */
		57A927AA1A09EF7900B7FF3B /* Run Script */ = {
			isa = PBXShellScriptBuildPhase;
			buildActionMask = 2147483647;
			files = (
			);
			inputPaths = (
			);
			name = "Run Script";
			outputPaths = (
			);
			runOnlyForDeploymentPostprocessing = 0;
			shellPath = "#!/usr/bin/env bash";
			shellScript = "#!/usr/bin/env bash\nbuildNumber=$(/usr/libexec/PlistBuddy -c \"Print CFBundleVersion\" \"$INFOPLIST_FILE\")\nbuildNumber=$(($buildNumber + 1))\n/usr/libexec/PlistBuddy -c \"Set :CFBundleVersion $buildNumber\" \"$INFOPLIST_FILE\"";
		};
/* End PBXShellScriptBuildPhase section */

/* Begin PBXSourcesBuildPhase section */
		57A927811A09ECFB00B7FF3B /* Sources */ = {
			isa = PBXSourcesBuildPhase;
			buildActionMask = 2147483647;
			files = (
				57A9278D1A09ECFB00B7FF3B /* ViewController.swift in Sources */,
				57A9278B1A09ECFB00B7FF3B /* AppDelegate.swift in Sources */,
			);
			runOnlyForDeploymentPostprocessing = 0;
		};
/* End PBXSourcesBuildPhase section */

/* Begin PBXVariantGroup section */
		57A9278E1A09ECFB00B7FF3B /* Main.storyboard */ = {
			isa = PBXVariantGroup;
			children = (
				57A9278F1A09ECFB00B7FF3B /* Base */,
			);
			name = Main.storyboard;
			sourceTree = "<group>";
		};
		57A927931A09ECFB00B7FF3B /* LaunchScreen.xib */ = {
			isa = PBXVariantGroup;
			children = (
				57A927941A09ECFB00B7FF3B /* Base */,
			);
			name = LaunchScreen.xib;
			sourceTree = "<group>";
		};
/* End PBXVariantGroup section */

/* Begin XCBuildConfiguration section */
		57A927A21A09ECFB00B7FF3B /* Debug */ = {
			isa = XCBuildConfiguration;
			buildSettings = {
				ALWAYS_SEARCH_USER_PATHS = NO;
				CLANG_CXX_LANGUAGE_STANDARD = "gnu++0x";
				CLANG_CXX_LIBRARY = "libc++";
				CLANG_ENABLE_MODULES = YES;
				CLANG_ENABLE_OBJC_ARC = YES;
				CLANG_WARN_BOOL_CONVERSION = YES;
				CLANG_WARN_CONSTANT_CONVERSION = YES;
				CLANG_WARN_DIRECT_OBJC_ISA_USAGE = YES_ERROR;
				CLANG_WARN_EMPTY_BODY = YES;
				CLANG_WARN_ENUM_CONVERSION = YES;
				CLANG_WARN_INT_CONVERSION = YES;
				CLANG_WARN_OBJC_ROOT_CLASS = YES_ERROR;
				CLANG_WARN_UNREACHABLE_CODE = YES;
				CLANG_WARN__DUPLICATE_METHOD_MATCH = YES;
				"CODE_SIGN_IDENTITY[sdk=iphoneos*]" = "iPhone Developer";
				CODE_SIGN_RESOURCE_RULES_PATH = "$(SDKROOT)/ResourceRules.plist";
				COPY_PHASE_STRIP = NO;
				ENABLE_STRICT_OBJC_MSGSEND = YES;
				GCC_C_LANGUAGE_STANDARD = gnu99;
				GCC_DYNAMIC_NO_PIC = NO;
				GCC_OPTIMIZATION_LEVEL = 0;
				GCC_PREPROCESSOR_DEFINITIONS = (
					"DEBUG=1",
					"$(inherited)",
				);
				GCC_SYMBOLS_PRIVATE_EXTERN = NO;
				GCC_WARN_64_TO_32_BIT_CONVERSION = YES;
				GCC_WARN_ABOUT_RETURN_TYPE = YES_ERROR;
				GCC_WARN_UNDECLARED_SELECTOR = YES;
				GCC_WARN_UNINITIALIZED_AUTOS = YES_AGGRESSIVE;
				GCC_WARN_UNUSED_FUNCTION = YES;
				GCC_WARN_UNUSED_VARIABLE = YES;
				IPHONEOS_DEPLOYMENT_TARGET = 7.0;
				MTL_ENABLE_DEBUG_INFO = YES;
				ONLY_ACTIVE_ARCH = YES;
				SDKROOT = iphoneos;
				SWIFT_OPTIMIZATION_LEVEL = "-Onone";
				TARGETED_DEVICE_FAMILY = "1,2";
			};
			name = Debug;
		};
		57A927A31A09ECFB00B7FF3B /* Release */ = {
			isa = XCBuildConfiguration;
			buildSettings = {
				ALWAYS_SEARCH_USER_PATHS = NO;
				CLANG_CXX_LANGUAGE_STANDARD = "gnu++0x";
				CLANG_CXX_LIBRARY = "libc++";
				CLANG_ENABLE_MODULES = YES;
				CLANG_ENABLE_OBJC_ARC = YES;
				CLANG_WARN_BOOL_CONVERSION = YES;
				CLANG_WARN_CONSTANT_CONVERSION = YES;
				CLANG_WARN_DIRECT_OBJC_ISA_USAGE = YES_ERROR;
				CLANG_WARN_EMPTY_BODY = YES;
				CLANG_WARN_ENUM_CONVERSION = YES;
				CLANG_WARN_INT_CONVERSION = YES;
				CLANG_WARN_OBJC_ROOT_CLASS = YES_ERROR;
				CLANG_WARN_UNREACHABLE_CODE = YES;
				CLANG_WARN__DUPLICATE_METHOD_MATCH = YES;
				"CODE_SIGN_IDENTITY[sdk=iphoneos*]" = "iPhone Developer";
				CODE_SIGN_RESOURCE_RULES_PATH = "$(SDKROOT)/ResourceRules.plist";
				COPY_PHASE_STRIP = YES;
				ENABLE_NS_ASSERTIONS = NO;
				ENABLE_STRICT_OBJC_MSGSEND = YES;
				GCC_C_LANGUAGE_STANDARD = gnu99;
				GCC_WARN_64_TO_32_BIT_CONVERSION = YES;
				GCC_WARN_ABOUT_RETURN_TYPE = YES_ERROR;
				GCC_WARN_UNDECLARED_SELECTOR = YES;
				GCC_WARN_UNINITIALIZED_AUTOS = YES_AGGRESSIVE;
				GCC_WARN_UNUSED_FUNCTION = YES;
				GCC_WARN_UNUSED_VARIABLE = YES;
				IPHONEOS_DEPLOYMENT_TARGET = 7.0;
				MTL_ENABLE_DEBUG_INFO = NO;
				SDKROOT = iphoneos;
				TARGETED_DEVICE_FAMILY = "1,2";
				VALIDATE_PRODUCT = YES;
			};
			name = Release;
		};
		57A927A51A09ECFB00B7FF3B /* Debug */ = {
			isa = XCBuildConfiguration;
			buildSettings = {
				ASSETCATALOG_COMPILER_APPICON_NAME = AppIcon;
				ASSETCATALOG_COMPILER_LAUNCHIMAGE_NAME = LaunchImage;
				CODE_SIGN_IDENTITY = "iPhone Developer";
				INFOPLIST_FILE = "Asset Test/Info.plist";
				IPHONEOS_DEPLOYMENT_TARGET = 7.0;
				LD_RUNPATH_SEARCH_PATHS = "$(inherited) @executable_path/Frameworks";
				PRODUCT_NAME = "$(TARGET_NAME)";
				TARGETED_DEVICE_FAMILY = 1;
			};
			name = Debug;
		};
		57A927A61A09ECFB00B7FF3B /* Release */ = {
			isa = XCBuildConfiguration;
			buildSettings = {
				ASSETCATALOG_COMPILER_APPICON_NAME = AppIcon;
				ASSETCATALOG_COMPILER_LAUNCHIMAGE_NAME = LaunchImage;
				CODE_SIGN_IDENTITY = "iPhone Developer";
				INFOPLIST_FILE = "Asset Test/Info.plist";
				IPHONEOS_DEPLOYMENT_TARGET = 7.0;
				LD_RUNPATH_SEARCH_PATHS = "$(inherited) @executable_path/Frameworks";
				PRODUCT_NAME = "$(TARGET_NAME)";
				TARGETED_DEVICE_FAMILY = 1;
			};
			name = Release;
		};
/* End XCBuildConfiguration section */

/* Begin XCConfigurationList section */
		57A927801A09ECFB00B7FF3B /* Build configuration list for PBXProject "Asset Test" */ = {
			isa = XCConfigurationList;
			buildConfigurations = (
				57A927A21A09ECFB00B7FF3B /* Debug */,
				57A927A31A09ECFB00B7FF3B /* Release */,
			);
			defaultConfigurationIsVisible = 0;
			defaultConfigurationName = Release;
		};
		57A927A41A09ECFB00B7FF3B /* Build configuration list for PBXNativeTarget "Asset Test" */ = {
			isa = XCConfigurationList;
			buildConfigurations = (
				57A927A51A09ECFB00B7FF3B /* Debug */,
				57A927A61A09ECFB00B7FF3B /* Release */,
			);
			defaultConfigurationIsVisible = 0;
			defaultConfigurationName = Release;
		};
/* End XCConfigurationList section */
	};
	rootObject = 57A9277D1A09ECFB00B7FF3B /* Project object */;
}
